
Microsoft Visual Studio Solution File, Format Version 12.00
# Visual Studio Version 17
VisualStudioVersion = 17.14.36301.6 d17.14
MinimumVisualStudioVersion = 10.0.40219.1
Project("{FAE04EC0-301F-11D3-BF4B-00C04F79EFBC}") = "CafeteriaOrderingSystem", "CafeteriaOrderingSystem.csproj", "{BCCD81E6-C3DB-4D4D-936A-D6BEEF3F2E4A}"
EndProject
Global
	GlobalSection(SolutionConfigurationPlatforms) = preSolution
		Debug|Any CPU = Debug|Any CPU
		Release|Any CPU = Release|Any CPU
	EndGlobalSection
	GlobalSection(ProjectConfigurationPlatforms) = postSolution
		{BCCD81E6-C3DB-4D4D-936A-D6BEEF3F2E4A}.Debug|Any CPU.ActiveCfg = Debug|Any CPU
		{BCCD81E6-C3DB-4D4D-936A-D6BEEF3F2E4A}.Debug|Any CPU.Build.0 = Debug|Any CPU
		{BCCD81E6-C3DB-4D4D-936A-D6BEEF3F2E4A}.Release|Any CPU.ActiveCfg = Release|Any CPU
		{BCCD81E6-C3DB-4D4D-936A-D6BEEF3F2E4A}.Release|Any CPU.Build.0 = Release|Any CPU
	EndGlobalSection
	GlobalSection(SolutionProperties) = preSolution
		HideSolutionNode = FALSE
	EndGlobalSection
	GlobalSection(ExtensibilityGlobals) = postSolution
		SolutionGuid = {482AE15E-1794-49F9-9BB9-D2A5AC0A9670}
	EndGlobalSection
EndGlobal
